
Microsoft Visual Studio Solution File, Format Version 12.00
# Visual Studio Version 16
VisualStudioVersion = 16.0.29123.88
MinimumVisualStudioVersion = 10.0.40219.1
Project("{FAE04EC0-301F-11D3-BF4B-00C04F79EFBC}") = "Tutorial1", "Tutorial1\Tutorial1.csproj", "{FC6DBD67-D3EA-4685-A8DB-A23FF24EAF32}"
EndProject
Global
	GlobalSection(SolutionConfigurationPlatforms) = preSolution
		Debug|Any CPU = Debug|Any CPU
		Release|Any CPU = Release|Any CPU
	EndGlobalSection
	GlobalSection(ProjectConfigurationPlatforms) = postSolution
		{FC6DBD67-D3EA-4685-A8DB-A23FF24EAF32}.Debug|Any CPU.ActiveCfg = Debug|Any CPU
		{FC6DBD67-D3EA-4685-A8DB-A23FF24EAF32}.Debug|Any CPU.Build.0 = Debug|Any CPU
		{FC6DBD67-D3EA-4685-A8DB-A23FF24EAF32}.Release|Any CPU.ActiveCfg = Release|Any CPU
		{FC6DBD67-D3EA-4685-A8DB-A23FF24EAF32}.Release|Any CPU.Build.0 = Release|Any CPU
	EndGlobalSection
	GlobalSection(SolutionProperties) = preSolution
		HideSolutionNode = FALSE
	EndGlobalSection
	GlobalSection(ExtensibilityGlobals) = postSolution
		SolutionGuid = {D5C27A17-7538-4107-AD8F-028EFBE51424}
	EndGlobalSection
EndGlobal
